
Microsoft Visual Studio Solution File, Format Version 12.00
# Visual Studio Version 17
VisualStudioVersion = 17.3.32929.385
MinimumVisualStudioVersion = 10.0.40219.1
Project("{FAE04EC0-301F-11D3-BF4B-00C04F79EFBC}") = "Computer maintenance", "Computer maintenance\Computer maintenance.csproj", "{39D974B9-7C0A-4832-9329-EF41FF0E255A}"
EndProject
Global
	GlobalSection(SolutionConfigurationPlatforms) = preSolution
		Debug|Any CPU = Debug|Any CPU
		Release|Any CPU = Release|Any CPU
	EndGlobalSection
	GlobalSection(ProjectConfigurationPlatforms) = postSolution
		{39D974B9-7C0A-4832-9329-EF41FF0E255A}.Debug|Any CPU.ActiveCfg = Debug|Any CPU
		{39D974B9-7C0A-4832-9329-EF41FF0E255A}.Debug|Any CPU.Build.0 = Debug|Any CPU
		{39D974B9-7C0A-4832-9329-EF41FF0E255A}.Release|Any CPU.ActiveCfg = Release|Any CPU
		{39D974B9-7C0A-4832-9329-EF41FF0E255A}.Release|Any CPU.Build.0 = Release|Any CPU
	EndGlobalSection
	GlobalSection(SolutionProperties) = preSolution
		HideSolutionNode = FALSE
	EndGlobalSection
	GlobalSection(ExtensibilityGlobals) = postSolution
		SolutionGuid = {D4F55061-2AED-4401-8B94-9417CDA68ED9}
	EndGlobalSection
EndGlobal
